
Microsoft Visual Studio Solution File, Format Version 12.00
# Visual Studio Version 16
VisualStudioVersion = 16.0.28803.452
MinimumVisualStudioVersion = 10.0.40219.1
Project("{8BC9CEB8-8B4A-11D0-8D11-00A0C91BC942}") = "SimRank", "SimRank.vcxproj", "{772EE54E-0838-4FDD-831C-7FD0934C83A8}"
EndProject
Global
	GlobalSection(SolutionConfigurationPlatforms) = preSolution
		Debug|x64 = Debug|x64
		Debug|x86 = Debug|x86
		Release|x64 = Release|x64
		Release|x86 = Release|x86
	EndGlobalSection
	GlobalSection(ProjectConfigurationPlatforms) = postSolution
		{772EE54E-0838-4FDD-831C-7FD0934C83A8}.Debug|x64.ActiveCfg = Debug|x64
		{772EE54E-0838-4FDD-831C-7FD0934C83A8}.Debug|x64.Build.0 = Debug|x64
		{772EE54E-0838-4FDD-831C-7FD0934C83A8}.Debug|x86.ActiveCfg = Debug|x64
		{772EE54E-0838-4FDD-831C-7FD0934C83A8}.Debug|x86.Build.0 = Debug|x64
		{772EE54E-0838-4FDD-831C-7FD0934C83A8}.Release|x64.ActiveCfg = Release|x64
		{772EE54E-0838-4FDD-831C-7FD0934C83A8}.Release|x64.Build.0 = Release|x64
		{772EE54E-0838-4FDD-831C-7FD0934C83A8}.Release|x86.ActiveCfg = Release|Win32
		{772EE54E-0838-4FDD-831C-7FD0934C83A8}.Release|x86.Build.0 = Release|Win32
	EndGlobalSection
	GlobalSection(SolutionProperties) = preSolution
		HideSolutionNode = FALSE
	EndGlobalSection
	GlobalSection(ExtensibilityGlobals) = postSolution
		SolutionGuid = {02B1F4B6-85C4-4354-9085-076AC8718CFA}
	EndGlobalSection
EndGlobal
